{
  "name": "nodejs-sandbox",
  "version": "1.0.0",
  "lockfileVersion": 1,
  "requires": true,
  "dependencies": {
    "symbol-enum": {
      "version": "4.0.3",
      "resolved": "https://registry.npmjs.org/symbol-enum/-/symbol-enum-4.0.3.tgz",
      "integrity": "sha512-KGvWXNrQNeHYfrTymnXe/z2+U4MIgaMmgSQl5oWHlizv0d8aifds9hK42oX70VHTCfn9vuEjsatGQZG6nm9qpw=="
    }
  }
}
